dependencies:
  espressif/led_strip:
    component_hash: c240f82567a37357bef313f76b0df93cb2da025835e525006096ea7e0fd61b4f
    source:
      service_url: https://api.components.espressif.com/
      type: service
    version: 2.4.3
  idf:
    component_hash: null
    source:
      type: idf
    version: 5.1.0
manifest_hash: f240976108342f280dcfb892fd410c004aedc5a7277554191953e23fd0fe2609
target: esp32s3
version: 1.0.0
